{
  "lockfileVersion": 1,
  "dependencies": {
    "@angular/animations": {
      "version": "4.1.3",
      "resolved": "https://registry.npmjs.org/@angular/animations/-/animations-4.1.3.tgz",
      "integrity": "sha1-bomh4Pv9bQ6Qvk8q4ZCqxn+DpBE="
    },
    "@angular/material": {
      "version": "2.0.0-beta.6",
      "resolved": "https://registry.npmjs.org/@angular/material/-/material-2.0.0-beta.6.tgz",
      "integrity": "sha1-g7/fAPVAqMfbkAoee47Sz/Sd+CE="
    },
    "tslib": {
      "version": "1.7.1",
      "resolved": "https://registry.npmjs.org/tslib/-/tslib-1.7.1.tgz",
      "integrity": "sha1-vIAEFkaRkjp5/oN4u+s9ogF1OOw="
    }
  }
}
